
Microsoft Visual Studio Solution File, Format Version 12.00
# Visual Studio Version 17
VisualStudioVersion = 17.10.34916.146
MinimumVisualStudioVersion = 10.0.40219.1
Project("{9A19103F-16F7-4668-BE54-9A1E7A4F7556}") = "LR4", "LR4\LR4.csproj", "{C36782AE-8BDA-4483-836C-55457BA04871}"
EndProject
Project("{9A19103F-16F7-4668-BE54-9A1E7A4F7556}") = "LR4.Clients", "LR4.Clients\LR4.Clients.csproj", "{8A5AF4F7-CD5F-4D0C-82B7-01518A24DF36}"
EndProject
Project("{9A19103F-16F7-4668-BE54-9A1E7A4F7556}") = "LR4.Aspire", "LR4.Aspire\LR4.Aspire.csproj", "{49AB4640-9BF4-4EC7-A73E-A95E07F0601A}"
EndProject
Global
	GlobalSection(SolutionConfigurationPlatforms) = preSolution
		Debug|Any CPU = Debug|Any CPU
		Release|Any CPU = Release|Any CPU
	EndGlobalSection
	GlobalSection(ProjectConfigurationPlatforms) = postSolution
		{C36782AE-8BDA-4483-836C-55457BA04871}.Debug|Any CPU.ActiveCfg = Debug|Any CPU
		{C36782AE-8BDA-4483-836C-55457BA04871}.Debug|Any CPU.Build.0 = Debug|Any CPU
		{C36782AE-8BDA-4483-836C-55457BA04871}.Release|Any CPU.ActiveCfg = Release|Any CPU
		{C36782AE-8BDA-4483-836C-55457BA04871}.Release|Any CPU.Build.0 = Release|Any CPU
		{8A5AF4F7-CD5F-4D0C-82B7-01518A24DF36}.Debug|Any CPU.ActiveCfg = Debug|Any CPU
		{8A5AF4F7-CD5F-4D0C-82B7-01518A24DF36}.Debug|Any CPU.Build.0 = Debug|Any CPU
		{8A5AF4F7-CD5F-4D0C-82B7-01518A24DF36}.Release|Any CPU.ActiveCfg = Release|Any CPU
		{8A5AF4F7-CD5F-4D0C-82B7-01518A24DF36}.Release|Any CPU.Build.0 = Release|Any CPU
		{49AB4640-9BF4-4EC7-A73E-A95E07F0601A}.Debug|Any CPU.ActiveCfg = Debug|Any CPU
		{49AB4640-9BF4-4EC7-A73E-A95E07F0601A}.Debug|Any CPU.Build.0 = Debug|Any CPU
		{49AB4640-9BF4-4EC7-A73E-A95E07F0601A}.Release|Any CPU.ActiveCfg = Release|Any CPU
		{49AB4640-9BF4-4EC7-A73E-A95E07F0601A}.Release|Any CPU.Build.0 = Release|Any CPU
	EndGlobalSection
	GlobalSection(SolutionProperties) = preSolution
		HideSolutionNode = FALSE
	EndGlobalSection
	GlobalSection(ExtensibilityGlobals) = postSolution
		SolutionGuid = {1BF64FA4-4B7B-4833-8145-080CBD7B7E4F}
	EndGlobalSection
EndGlobal
